version = 1
revision = 3
requires-python = ">=3.11"

[[package]]
name = "acqmss"
version = "0.1.0"
source = { editable = "." }
dependencies = [
    { name = "allpairspy" },
    { name = "flamapy" },
    { name = "python-sat" },
    { name = "toml" },
]

[package.optional-dependencies]
dev = [
    { name = "parameterized" },
    { name = "pytest" },
]

[package.metadata]
requires-dist = [
    { name = "allpairspy", specifier = "~=2.5.1" },
    { name = "flamapy", specifier = "~=2.0.1" },
    { name = "parameterized", marker = "extra == 'dev'", specifier = "~=0.9.0" },
    { name = "pytest", marker = "extra == 'dev'" },
    { name = "python-sat" },
    { name = "toml", specifier = "~=0.10.2" },
]
provides-extras = ["dev"]

[[package]]
name = "afmparser"
version = "1.0.3"
source = { registry = "https://pypi.org/simple" }
dependencies = [
    { name = "antlr4-python3-runtime" },
]
wheels = [
    { url = "https://files.pythonhosted.org/packages/3a/f4/d82bf719779e8fccfe1e67a91daefb91fbc5ed6901e519ff2c574d097a2f/afmparser-1.0.3-py3-none-any.whl", hash = "sha256:f5cc98f7e8c66525aaee3cad172af14067ae2e91c0291c6c86d265272b9ed4b8", size = 30240, upload-time = "2023-10-16T15:00:49.161Z" },
]

[[package]]
name = "allpairspy"
version = "2.5.1"
source = { registry = "https://pypi.org/simple" }
sdist = { url = "https://files.pythonhosted.org/packages/ea/9e/a5a536c22f56cdbbb0236889cff33915e20fb93a0526887367b38e91122e/allpairspy-2.5.1.tar.gz", hash = "sha256:f69d31a3b56eee119d1ec6063e9c732dd44fbba352ef738cb22d9699fc4009fe", size = 14281, upload-time = "2023-07-08T09:08:54.049Z" }
wheels = [
    { url = "https://files.pythonhosted.org/packages/5a/1a/fedf0f2ff77ec65e599112b2d5402fee5c166d9378b51760b696bd8cde1d/allpairspy-2.5.1-py3-none-any.whl", hash = "sha256:3f97cbac2bbee86f4bfceffd0fd91dca740a120c78e9368af2bad81a2b3426e2", size = 8965, upload-time = "2023-07-08T09:08:51.994Z" },
]

[[package]]
name = "antlr4-python3-runtime"
version = "4.13.1"
source = { registry = "https://pypi.org/simple" }
sdist = { url = "https://files.pythonhosted.org/packages/b6/00/7f1cab9b44518ca225a03f4493ac9294aab5935a7a28486ba91a20ea29cf/antlr4-python3-runtime-4.13.1.tar.gz", hash = "sha256:3cd282f5ea7cfb841537fe01f143350fdb1c0b1ce7981443a2fa8513fddb6d1a", size = 117451, upload-time = "2023-09-04T22:17:42.812Z" }
wheels = [
    { url = "https://files.pythonhosted.org/packages/57/09/0c2874e3e8c53250b40afa7399c70acf7d23cac80138f1792ea3797f7452/antlr4_python3_runtime-4.13.1-py3-none-any.whl", hash = "sha256:78ec57aad12c97ac039ca27403ad61cb98aaec8a3f9bb8144f889aa0fa28b943", size = 144460, upload-time = "2023-09-04T22:17:40.977Z" },
]

[[package]]
name = "astutils"
version = "0.0.6"
source = { registry = "https://pypi.org/simple" }
dependencies = [
    { name = "ply" },
]
sdist = { url = "https://files.pythonhosted.org/packages/88/d9/86e4053d44baa2b648596a443e2bcf5b8e1d30a9669b14bfacc5307fbc2f/astutils-0.0.6.tar.gz", hash = "sha256:e9a6f31b243ecfc3c7c84dd2f145cf5de83e475b650d2a6b781cfa713ad15427", size = 9333, upload-time = "2024-04-15T17:25:19.294Z" }

[[package]]
name = "colorama"
version = "0.4.6"
source = { registry = "https://pypi.org/simple" }
sdist = { url = "https://files.pythonhosted.org/packages/d8/53/6f443c9a4a8358a93a6792e2acffb9d9d5cb0a5cfd8802644b7b1c9a02e4/colorama-0.4.6.tar.gz", hash = "sha256:08695f5cb7ed6e0531a20572697297273c47b8cae5a63ffc6d6ed5c201be6e44", size = 27697, upload-time = "2022-10-25T02:36:22.414Z" }
wheels = [
    { url = "https://files.pythonhosted.org/packages/d1/d6/3965ed04c63042e047cb6a3e6ed1a63a35087b6a609aa3a15ed8ac56c221/colorama-0.4.6-py2.py3-none-any.whl", hash = "sha256:4f1d9991f5acc0ca119f9d443620b77f9d6b33703e51011c16baf57afb285fc6", size = 25335, upload-time = "2022-10-25T02:36:20.889Z" },
]

[[package]]
name = "dd"
version = "0.5.7"
source = { registry = "https://pypi.org/simple" }
dependencies = [
    { name = "astutils" },
    { name = "networkx" },
    { name = "ply" },
    { name = "psutil" },
    { name = "pydot" },
    { name = "setuptools" },
]
sdist = { url = "https://files.pythonhosted.org/packages/ab/91/6a90d61de37768b86883c2bd3027cfdb28688fc6c97acbad0473a5eca93e/dd-0.5.7.tar.gz", hash = "sha256:31bb4293da6e470a1b5ccc907661d77f588be318452a7e9d9d5f09fda1709c9c", size = 709471, upload-time = "2022-01-11T07:59:08Z" }

[[package]]
name = "flamapy"
version = "2.0.1"
source = { registry = "https://pypi.org/simple" }
dependencies = [
    { name = "flamapy-bdd" },
    { name = "flamapy-fm" },
    { name = "flamapy-fw" },
    { name = "flamapy-sat" },
    { name = "wheel" },
]
sdist = { url = "https://files.pythonhosted.org/packages/8b/77/146abd27f6e2d4719efbaf909422e6225bff78829e0b681c5540b38b9e7c/flamapy-2.0.1.tar.gz", hash = "sha256:c7025123644e089aaccd920dc21bd603ff9d4c5f167ce39a7fc1223577566e37", size = 9795, upload-time = "2024-08-22T21:46:24.007Z" }
wheels = [
    { url = "https://files.pythonhosted.org/packages/0e/77/2edda69f1d4ed41b10d8af293da0799cf0daf5a2284fc5c27f0a92180f4a/flamapy-2.0.1-py3-none-any.whl", hash = "sha256:8dda0afd20add3bec9d538bcc9c3c206c738ada6917fbc16f448baa1cbd60b84", size = 9490, upload-time = "2024-08-22T21:46:22.618Z" },
]

[[package]]
name = "flamapy-bdd"
version = "2.0.1"
source = { registry = "https://pypi.org/simple" }
dependencies = [
    { name = "dd" },
    { name = "flamapy-fm" },
    { name = "flamapy-fw" },
    { name = "graphviz" },
]
sdist = { url = "https://files.pythonhosted.org/packages/a8/5e/db5dda2fed43439a228970aeac663a58987b0484ff8edb5a03b3353f253a/flamapy-bdd-2.0.1.tar.gz", hash = "sha256:4debb3edacd7c98f33ed0488885a4c4ed1452fb5a0c030f33c15437cc68da9a2", size = 27238, upload-time = "2024-08-22T21:17:59.243Z" }
wheels = [
    { url = "https://files.pythonhosted.org/packages/02/31/4b882aef97a22224e62a87301bc8b6a18c217412be0ddb2bccce62be0c08/flamapy_bdd-2.0.1-py3-none-any.whl", hash = "sha256:a42815a77c2794871dab8e1dd97c2f644c338341fb8b9d81ecdf3b3c4e3b2137", size = 45450, upload-time = "2024-08-22T21:17:57.649Z" },
]

[[package]]
name = "flamapy-fm"
version = "2.0.1"
source = { registry = "https://pypi.org/simple" }
dependencies = [
    { name = "afmparser" },
    { name = "flamapy-fw" },
    { name = "uvlparser" },
]
sdist = { url = "https://files.pythonhosted.org/packages/e3/ba/79a50b193da6b781d56f256f09331d224a4c7e189ad28aed99a26402e5a9/flamapy-fm-2.0.1.tar.gz", hash = "sha256:602d5c0d67277691dab5cb653acce2058d2c5758b77510f15c8667afb365626b", size = 29529, upload-time = "2024-08-22T23:15:35.341Z" }
wheels = [
    { url = "https://files.pythonhosted.org/packages/4b/7d/c29bed5134075ff720c07ed87e8b618ae6bac0d9d28f5228f469df2837f6/flamapy_fm-2.0.1-py3-none-any.whl", hash = "sha256:2bf2af2eed2ab8cd3927d9e429007f9af38a71584251061a4684ebc414e43bf0", size = 44454, upload-time = "2024-08-22T23:15:33.724Z" },
]

[[package]]
name = "flamapy-fw"
version = "2.0.1"
source = { registry = "https://pypi.org/simple" }
sdist = { url = "https://files.pythonhosted.org/packages/18/b5/d239cee27e9cd96488a1c57af022eb48ab9704a0be93c91cfb2bbe8648e5/flamapy-fw-2.0.1.tar.gz", hash = "sha256:97869ba878abed7d8f96ce44afa1018f7f761a34b71c6b25f030b0822a5ef80a", size = 14783, upload-time = "2024-08-22T20:30:15.196Z" }
wheels = [
    { url = "https://files.pythonhosted.org/packages/e8/cd/10e96062fea92a10021264ee019f431dcf030202c5c2427fc96b02b77780/flamapy_fw-2.0.1-py3-none-any.whl", hash = "sha256:4c325b3d2ecfeac515accda83d70ef9d63028f2599c57f244af1306528c847e5", size = 24276, upload-time = "2024-08-22T20:30:14.299Z" },
]

[[package]]
name = "flamapy-sat"
version = "2.0.1"
source = { registry = "https://pypi.org/simple" }
dependencies = [
    { name = "flamapy-fm" },
    { name = "flamapy-fw" },
    { name = "python-sat" },
]
sdist = { url = "https://files.pythonhosted.org/packages/7c/b1/1a39339c7a6e3d7ca9ade8e2edbaa590cc26bb24b32cd19a74e2c0036a1c/flamapy-sat-2.0.1.tar.gz", hash = "sha256:43896264da5ad597c105ed42410f1f8b3a39eb04114b85e06bd9c0b656d84ec5", size = 23640, upload-time = "2024-08-22T20:51:49.892Z" }
wheels = [
    { url = "https://files.pythonhosted.org/packages/e1/c0/fee387d0b32acab06d201eff8c59aba995037de5ae0c0d21e4775656a509/flamapy_sat-2.0.1-py3-none-any.whl", hash = "sha256:9006fec606425d27b3a79cd259e26e23b41a82b36af9f728aba639bedce895cb", size = 41283, upload-time = "2024-08-22T20:51:48.255Z" },
]

[[package]]
name = "graphviz"
version = "0.21"
source = { registry = "https://pypi.org/simple" }
sdist = { url = "https://files.pythonhosted.org/packages/f8/b3/3ac91e9be6b761a4b30d66ff165e54439dcd48b83f4e20d644867215f6ca/graphviz-0.21.tar.gz", hash = "sha256:20743e7183be82aaaa8ad6c93f8893c923bd6658a04c32ee115edb3c8a835f78", size = 200434, upload-time = "2025-06-15T09:35:05.824Z" }
wheels = [
    { url = "https://files.pythonhosted.org/packages/91/4c/e0ce1ef95d4000ebc1c11801f9b944fa5910ecc15b5e351865763d8657f8/graphviz-0.21-py3-none-any.whl", hash = "sha256:54f33de9f4f911d7e84e4191749cac8cc5653f815b06738c54db9a15ab8b1e42", size = 47300, upload-time = "2025-06-15T09:35:04.433Z" },
]

[[package]]
name = "iniconfig"
version = "2.3.0"
source = { registry = "https://pypi.org/simple" }
sdist = { url = "https://files.pythonhosted.org/packages/72/34/14ca021ce8e5dfedc35312d08ba8bf51fdd999c576889fc2c24cb97f4f10/iniconfig-2.3.0.tar.gz", hash = "sha256:c76315c77db068650d49c5b56314774a7804df16fee4402c1f19d6d15d8c4730", size = 20503, upload-time = "2025-10-18T21:55:43.219Z" }
wheels = [
    { url = "https://files.pythonhosted.org/packages/cb/b1/3846dd7f199d53cb17f49cba7e651e9ce294d8497c8c150530ed11865bb8/iniconfig-2.3.0-py3-none-any.whl", hash = "sha256:f631c04d2c48c52b84d0d0549c99ff3859c98df65b3101406327ecc7d53fbf12", size = 7484, upload-time = "2025-10-18T21:55:41.639Z" },
]

[[package]]
name = "networkx"
version = "3.6.1"
source = { registry = "https://pypi.org/simple" }
sdist = { url = "https://files.pythonhosted.org/packages/6a/51/63fe664f3908c97be9d2e4f1158eb633317598cfa6e1fc14af5383f17512/networkx-3.6.1.tar.gz", hash = "sha256:26b7c357accc0c8cde558ad486283728b65b6a95d85ee1cd66bafab4c8168509", size = 2517025, upload-time = "2025-12-08T17:02:39.908Z" }
wheels = [
    { url = "https://files.pythonhosted.org/packages/9e/c9/b2622292ea83fbb4ec318f5b9ab867d0a28ab43c5717bb85b0a5f6b3b0a4/networkx-3.6.1-py3-none-any.whl", hash = "sha256:d47fbf302e7d9cbbb9e2555a0d267983d2aa476bac30e90dfbe5669bd57f3762", size = 2068504, upload-time = "2025-12-08T17:02:38.159Z" },
]

[[package]]
name = "packaging"
version = "26.2"
source = { registry = "https://pypi.org/simple" }
sdist = { url = "https://files.pythonhosted.org/packages/d7/f1/e7a6dd94a8d4a5626c03e4e99c87f241ba9e350cd9e6d75123f992427270/packaging-26.2.tar.gz", hash = "sha256:ff452ff5a3e828ce110190feff1178bb1f2ea2281fa2075aadb987c2fb221661", size = 228134, upload-time = "2026-04-24T20:15:23.917Z" }
wheels = [
    { url = "https://files.pythonhosted.org/packages/df/b2/87e62e8c3e2f4b32e5fe99e0b86d576da1312593b39f47d8ceef365e95ed/packaging-26.2-py3-none-any.whl", hash = "sha256:5fc45236b9446107ff2415ce77c807cee2862cb6fac22b8a73826d0693b0980e", size = 100195, upload-time = "2026-04-24T20:15:22.081Z" },
]

[[package]]
name = "parameterized"
version = "0.9.0"
source = { registry = "https://pypi.org/simple" }
sdist = { url = "https://files.pythonhosted.org/packages/ea/49/00c0c0cc24ff4266025a53e41336b79adaa5a4ebfad214f433d623f9865e/parameterized-0.9.0.tar.gz", hash = "sha256:7fc905272cefa4f364c1a3429cbbe9c0f98b793988efb5bf90aac80f08db09b1", size = 24351, upload-time = "2023-03-27T02:01:11.592Z" }
wheels = [
    { url = "https://files.pythonhosted.org/packages/00/2f/804f58f0b856ab3bf21617cccf5b39206e6c4c94c2cd227bde125ea6105f/parameterized-0.9.0-py2.py3-none-any.whl", hash = "sha256:4e0758e3d41bea3bbd05ec14fc2c24736723f243b28d702081aef438c9372b1b", size = 20475, upload-time = "2023-03-27T02:01:09.31Z" },
]

[[package]]
name = "pluggy"
version = "1.6.0"
source = { registry = "https://pypi.org/simple" }
sdist = { url = "https://files.pythonhosted.org/packages/f9/e2/3e91f31a7d2b083fe6ef3fa267035b518369d9511ffab804f839851d2779/pluggy-1.6.0.tar.gz", hash = "sha256:7dcc130b76258d33b90f61b658791dede3486c3e6bfb003ee5c9bfb396dd22f3", size = 69412, upload-time = "2025-05-15T12:30:07.975Z" }
wheels = [
    { url = "https://files.pythonhosted.org/packages/54/20/4d324d65cc6d9205fabedc306948156824eb9f0ee1633355a8f7ec5c66bf/pluggy-1.6.0-py3-none-any.whl", hash = "sha256:e920276dd6813095e9377c0bc5566d94c932c33b27a3e3945d8389c374dd4746", size = 20538, upload-time = "2025-05-15T12:30:06.134Z" },
]

[[package]]
name = "ply"
version = "3.10"
source = { registry = "https://pypi.org/simple" }
sdist = { url = "https://files.pythonhosted.org/packages/ce/3d/1f9ca69192025046f02a02ffc61bfbac2731aab06325a218370fd93e18df/ply-3.10.tar.gz", hash = "sha256:96e94af7dd7031d8d6dd6e2a8e0de593b511c211a86e28a9c9621c275ac8bacb", size = 150926, upload-time = "2017-01-31T18:38:34.244Z" }

[[package]]
name = "psutil"
version = "7.2.2"
source = { registry = "https://pypi.org/simple" }
sdist = { url = "https://files.pythonhosted.org/packages/aa/c6/d1ddf4abb55e93cebc4f2ed8b5d6dbad109ecb8d63748dd2b20ab5e57ebe/psutil-7.2.2.tar.gz", hash = "sha256:0746f5f8d406af344fd547f1c8daa5f5c33dbc293bb8d6a16d80b4bb88f59372", size = 493740, upload-time = "2026-01-28T18:14:54.428Z" }
wheels = [
    { url = "https://files.pythonhosted.org/packages/51/08/510cbdb69c25a96f4ae523f733cdc963ae654904e8db864c07585ef99875/psutil-7.2.2-cp313-cp313t-macosx_10_13_x86_64.whl", hash = "sha256:2edccc433cbfa046b980b0df0171cd25bcaeb3a68fe9022db0979e7aa74a826b", size = 130595, upload-time = "2026-01-28T18:14:57.293Z" },
    { url = "https://files.pythonhosted.org/packages/d6/f5/97baea3fe7a5a9af7436301f85490905379b1c6f2dd51fe3ecf24b4c5fbf/psutil-7.2.2-cp313-cp313t-macosx_11_0_arm64.whl", hash = "sha256:e78c8603dcd9a04c7364f1a3e670cea95d51ee865e4efb3556a3a63adef958ea", size = 131082, upload-time = "2026-01-28T18:14:59.732Z" },
    { url = "https://files.pythonhosted.org/packages/37/d6/246513fbf9fa174af531f28412297dd05241d97a75911ac8febefa1a53c6/psutil-7.2.2-cp313-cp313t-manylinux2010_x86_64.manylinux_2_12_x86_64.manylinux_2_28_x86_64.whl", hash = "sha256:1a571f2330c966c62aeda00dd24620425d4b0cc86881c89861fbc04549e5dc63", size = 181476, upload-time = "2026-01-28T18:15:01.884Z" },
    { url = "https://files.pythonhosted.org/packages/b8/b5/9182c9af3836cca61696dabe4fd1304e17bc56cb62f17439e1154f225dd3/psutil-7.2.2-cp313-cp313t-manylinux2014_aarch64.manylinux_2_17_aarch64.manylinux_2_28_aarch64.whl", hash = "sha256:917e891983ca3c1887b4ef36447b1e0873e70c933afc831c6b6da078ba474312", size = 184062, upload-time = "2026-01-28T18:15:04.436Z" },
    { url = "https://files.pythonhosted.org/packages/16/ba/0756dca669f5a9300d0cbcbfae9a4c30e446dfc7440ffe43ded5724bfd93/psutil-7.2.2-cp313-cp313t-win_amd64.whl", hash = "sha256:ab486563df44c17f5173621c7b198955bd6b613fb87c71c161f827d3fb149a9b", size = 139893, upload-time = "2026-01-28T18:15:06.378Z" },
    { url = "https://files.pythonhosted.org/packages/1c/61/8fa0e26f33623b49949346de05ec1ddaad02ed8ba64af45f40a147dbfa97/psutil-7.2.2-cp313-cp313t-win_arm64.whl", hash = "sha256:ae0aefdd8796a7737eccea863f80f81e468a1e4cf14d926bd9b6f5f2d5f90ca9", size = 135589, upload-time = "2026-01-28T18:15:08.03Z" },
    { url = "https://files.pythonhosted.org/packages/81/69/ef179ab5ca24f32acc1dac0c247fd6a13b501fd5534dbae0e05a1c48b66d/psutil-7.2.2-cp314-cp314t-macosx_10_15_x86_64.whl", hash = "sha256:eed63d3b4d62449571547b60578c5b2c4bcccc5387148db46e0c2313dad0ee00", size = 130664, upload-time = "2026-01-28T18:15:09.469Z" },
    { url = "https://files.pythonhosted.org/packages/7b/64/665248b557a236d3fa9efc378d60d95ef56dd0a490c2cd37dafc7660d4a9/psutil-7.2.2-cp314-cp314t-macosx_11_0_arm64.whl", hash = "sha256:7b6d09433a10592ce39b13d7be5a54fbac1d1228ed29abc880fb23df7cb694c9", size = 131087, upload-time = "2026-01-28T18:15:11.724Z" },
    { url = "https://files.pythonhosted.org/packages/d5/2e/e6782744700d6759ebce3043dcfa661fb61e2fb752b91cdeae9af12c2178/psutil-7.2.2-cp314-cp314t-manylinux2010_x86_64.manylinux_2_12_x86_64.manylinux_2_28_x86_64.whl", hash = "sha256:1fa4ecf83bcdf6e6c8f4449aff98eefb5d0604bf88cb883d7da3d8d2d909546a", size = 182383, upload-time = "2026-01-28T18:15:13.445Z" },
    { url = "https://files.pythonhosted.org/packages/57/49/0a41cefd10cb7505cdc04dab3eacf24c0c2cb158a998b8c7b1d27ee2c1f5/psutil-7.2.2-cp314-cp314t-manylinux2014_aarch64.manylinux_2_17_aarch64.manylinux_2_28_aarch64.whl", hash = "sha256:e452c464a02e7dc7822a05d25db4cde564444a67e58539a00f929c51eddda0cf", size = 185210, upload-time = "2026-01-28T18:15:16.002Z" },
    { url = "https://files.pythonhosted.org/packages/dd/2c/ff9bfb544f283ba5f83ba725a3c5fec6d6b10b8f27ac1dc641c473dc390d/psutil-7.2.2-cp314-cp314t-win_amd64.whl", hash = "sha256:c7663d4e37f13e884d13994247449e9f8f574bc4655d509c3b95e9ec9e2b9dc1", size = 141228, upload-time = "2026-01-28T18:15:18.385Z" },
    { url = "https://files.pythonhosted.org/packages/f2/fc/f8d9c31db14fcec13748d373e668bc3bed94d9077dbc17fb0eebc073233c/psutil-7.2.2-cp314-cp314t-win_arm64.whl", hash = "sha256:11fe5a4f613759764e79c65cf11ebdf26e33d6dd34336f8a337aa2996d71c841", size = 136284, upload-time = "2026-01-28T18:15:19.912Z" },
    { url = "https://files.pythonhosted.org/packages/e7/36/5ee6e05c9bd427237b11b3937ad82bb8ad2752d72c6969314590dd0c2f6e/psutil-7.2.2-cp36-abi3-macosx_10_9_x86_64.whl", hash = "sha256:ed0cace939114f62738d808fdcecd4c869222507e266e574799e9c0faa17d486", size = 129090, upload-time = "2026-01-28T18:15:22.168Z" },
    { url = "https://files.pythonhosted.org/packages/80/c4/f5af4c1ca8c1eeb2e92ccca14ce8effdeec651d5ab6053c589b074eda6e1/psutil-7.2.2-cp36-abi3-macosx_11_0_arm64.whl", hash = "sha256:1a7b04c10f32cc88ab39cbf606e117fd74721c831c98a27dc04578deb0c16979", size = 129859, upload-time = "2026-01-28T18:15:23.795Z" },
    { url = "https://files.pythonhosted.org/packages/b5/70/5d8df3b09e25bce090399cf48e452d25c935ab72dad19406c77f4e828045/psutil-7.2.2-cp36-abi3-manylinux2010_x86_64.manylinux_2_12_x86_64.manylinux_2_28_x86_64.whl", hash = "sha256:076a2d2f923fd4821644f5ba89f059523da90dc9014e85f8e45a5774ca5bc6f9", size = 155560, upload-time = "2026-01-28T18:15:25.976Z" },
    { url = "https://files.pythonhosted.org/packages/63/65/37648c0c158dc222aba51c089eb3bdfa238e621674dc42d48706e639204f/psutil-7.2.2-cp36-abi3-manylinux2014_aarch64.manylinux_2_17_aarch64.manylinux_2_28_aarch64.whl", hash = "sha256:b0726cecd84f9474419d67252add4ac0cd9811b04d61123054b9fb6f57df6e9e", size = 156997, upload-time = "2026-01-28T18:15:27.794Z" },
    { url = "https://files.pythonhosted.org/packages/8e/13/125093eadae863ce03c6ffdbae9929430d116a246ef69866dad94da3bfbc/psutil-7.2.2-cp36-abi3-musllinux_1_2_aarch64.whl", hash = "sha256:fd04ef36b4a6d599bbdb225dd1d3f51e00105f6d48a28f006da7f9822f2606d8", size = 148972, upload-time = "2026-01-28T18:15:29.342Z" },
    { url = "https://files.pythonhosted.org/packages/04/78/0acd37ca84ce3ddffaa92ef0f571e073faa6d8ff1f0559ab1272188ea2be/psutil-7.2.2-cp36-abi3-musllinux_1_2_x86_64.whl", hash = "sha256:b58fabe35e80b264a4e3bb23e6b96f9e45a3df7fb7eed419ac0e5947c61e47cc", size = 148266, upload-time = "2026-01-28T18:15:31.597Z" },
    { url = "https://files.pythonhosted.org/packages/b4/90/e2159492b5426be0c1fef7acba807a03511f97c5f86b3caeda6ad92351a7/psutil-7.2.2-cp37-abi3-win_amd64.whl", hash = "sha256:eb7e81434c8d223ec4a219b5fc1c47d0417b12be7ea866e24fb5ad6e84b3d988", size = 137737, upload-time = "2026-01-28T18:15:33.849Z" },
    { url = "https://files.pythonhosted.org/packages/8c/c7/7bb2e321574b10df20cbde462a94e2b71d05f9bbda251ef27d104668306a/psutil-7.2.2-cp37-abi3-win_arm64.whl", hash = "sha256:8c233660f575a5a89e6d4cb65d9f938126312bca76d8fe087b947b3a1aaac9ee", size = 134617, upload-time = "2026-01-28T18:15:36.514Z" },
]

[[package]]
name = "pydot"
version = "4.0.1"
source = { registry = "https://pypi.org/simple" }
dependencies = [
    { name = "pyparsing" },
]
sdist = { url = "https://files.pythonhosted.org/packages/50/35/b17cb89ff865484c6a20ef46bf9d95a5f07328292578de0b295f4a6beec2/pydot-4.0.1.tar.gz", hash = "sha256:c2148f681c4a33e08bf0e26a9e5f8e4099a82e0e2a068098f32ce86577364ad5", size = 162594, upload-time = "2025-06-17T20:09:56.454Z" }
wheels = [
    { url = "https://files.pythonhosted.org/packages/7e/32/a7125fb28c4261a627f999d5fb4afff25b523800faed2c30979949d6facd/pydot-4.0.1-py3-none-any.whl", hash = "sha256:869c0efadd2708c0be1f916eb669f3d664ca684bc57ffb7ecc08e70d5e93fee6", size = 37087, upload-time = "2025-06-17T20:09:55.25Z" },
]

[[package]]
name = "pygments"
version = "2.20.0"
source = { registry = "https://pypi.org/simple" }
sdist = { url = "https://files.pythonhosted.org/packages/c3/b2/bc9c9196916376152d655522fdcebac55e66de6603a76a02bca1b6414f6c/pygments-2.20.0.tar.gz", hash = "sha256:6757cd03768053ff99f3039c1a36d6c0aa0b263438fcab17520b30a303a82b5f", size = 4955991, upload-time = "2026-03-29T13:29:33.898Z" }
wheels = [
    { url = "https://files.pythonhosted.org/packages/f4/7e/a72dd26f3b0f4f2bf1dd8923c85f7ceb43172af56d63c7383eb62b332364/pygments-2.20.0-py3-none-any.whl", hash = "sha256:81a9e26dd42fd28a23a2d169d86d7ac03b46e2f8b59ed4698fb4785f946d0176", size = 1231151, upload-time = "2026-03-29T13:29:30.038Z" },
]

[[package]]
name = "pyparsing"
version = "3.3.2"
source = { registry = "https://pypi.org/simple" }
sdist = { url = "https://files.pythonhosted.org/packages/f3/91/9c6ee907786a473bf81c5f53cf703ba0957b23ab84c264080fb5a450416f/pyparsing-3.3.2.tar.gz", hash = "sha256:c777f4d763f140633dcb6d8a3eda953bf7a214dc4eff598413c070bcdc117cbc", size = 6851574, upload-time = "2026-01-21T03:57:59.36Z" }
wheels = [
    { url = "https://files.pythonhosted.org/packages/10/bd/c038d7cc38edc1aa5bf91ab8068b63d4308c66c4c8bb3cbba7dfbc049f9c/pyparsing-3.3.2-py3-none-any.whl", hash = "sha256:850ba148bd908d7e2411587e247a1e4f0327839c40e2e5e6d05a007ecc69911d", size = 122781, upload-time = "2026-01-21T03:57:55.912Z" },
]

[[package]]
name = "pytest"
version = "9.1.0"
source = { registry = "https://pypi.org/simple" }
dependencies = [
    { name = "colorama", marker = "sys_platform == 'win32'" },
    { name = "iniconfig" },
    { name = "packaging" },
    { name = "pluggy" },
    { name = "pygments" },
]
sdist = { url = "https://files.pythonhosted.org/packages/84/0e/b5858858d74958632c49b72cb25a3976ff9f632397626715be71c89d3971/pytest-9.1.0.tar.gz", hash = "sha256:41dd9148c08072446394cefd3d79701701335a9f4cae69ba92e39f6c7f5c061c", size = 1634181, upload-time = "2026-06-13T18:52:45.983Z" }
wheels = [
    { url = "https://files.pythonhosted.org/packages/8b/5a/ba30a81239b909821b3153e303e7def45178bf353da4f72380e6c5e8793b/pytest-9.1.0-py3-none-any.whl", hash = "sha256:8ebb0e7888bdf2bdfc602ec51f8f62d50200af37356c74e503c79a94f5c81f32", size = 386453, upload-time = "2026-06-13T18:52:44.045Z" },
]

[[package]]
name = "python-sat"
version = "0.1.8.dev17"
source = { registry = "https://pypi.org/simple" }
dependencies = [
    { name = "six" },
]
sdist = { url = "https://files.pythonhosted.org/packages/55/f2/3ac622675f822a3c9c482cb1842d29d2e5069af799473a8e7a03e6d44d76/python-sat-0.1.8.dev17.tar.gz", hash = "sha256:aad7896779b604b2b9bd19c00f73e1d565284284a6a1b977d4ae0f6b255c94a1", size = 4949444, upload-time = "2024-02-20T10:46:16.947Z" }
wheels = [
    { url = "https://files.pythonhosted.org/packages/ff/5a/5f739a82e350a430052f650f306ed0154795884ea9ca194eb16db5158a89/python_sat-0.1.8.dev17-cp311-cp311-macosx_14_0_arm64.whl", hash = "sha256:f939d0e8363375f80391e3fffd4833d6248b38f30391c3353d05f9c31562c5f0", size = 1260796, upload-time = "2024-02-20T10:45:00.925Z" },
    { url = "https://files.pythonhosted.org/packages/fc/f3/d0a329371a9bff1bd051c47c765ee2339910b4c32d0f0683479aad28b208/python_sat-0.1.8.dev17-cp311-cp311-macosx_14_0_x86_64.whl", hash = "sha256:84dc70d52671f5a17fd5e40daa6b16a41fc33db408c59fbe69ab09dd25de83eb", size = 1387444, upload-time = "2024-02-20T10:59:08.884Z" },
    { url = "https://files.pythonhosted.org/packages/90/b5/2cc764afd5888b1cfd657eeaaf061f860b6f1b78a40d1f7cd946bba6889f/python_sat-0.1.8.dev17-cp311-cp311-manylinux_2_17_aarch64.manylinux2014_aarch64.manylinux_2_24_aarch64.whl", hash = "sha256:6495e8638459437697bff4fc38316e26c619010f2cc633feffb11b209537e3d6", size = 2201483, upload-time = "2024-02-20T21:01:16.49Z" },
    { url = "https://files.pythonhosted.org/packages/48/9c/60784af7318a7ac718c4256287cf2a13e2417fb4c10a387495144d69dbef/python_sat-0.1.8.dev17-cp311-cp311-manylinux_2_17_aarch64.manylinux2014_aarch64.manylinux_2_28_aarch64.whl", hash = "sha256:b5637b3ff4e8bdf29dd03deb8e462b3ccbad15d2d6fb1205b7026309179469b5", size = 2201482, upload-time = "2024-02-20T21:01:29.703Z" },
    { url = "https://files.pythonhosted.org/packages/88/ad/68a590224378ce7cf96078e052df0bda01e84878a28690b2e6ffe7282440/python_sat-0.1.8.dev17-cp311-cp311-manylinux_2_17_aarch64.manylinux2014_aarch64.whl", hash = "sha256:8f71b145c7f453d707115601440154d2ce6ac2ec279d4990dd48f83c8a8e4f1f", size = 2201475, upload-time = "2024-02-20T21:01:37.838Z" },
    { url = "https://files.pythonhosted.org/packages/51/2d/db59382427e7fcf5020c17e914e344e3b8fa5c0e2c9975203792b378f652/python_sat-0.1.8.dev17-cp311-cp311-manylinux_2_17_i686.manylinux2014_i686.whl", hash = "sha256:0855b8da361d7c02216ec3fd0133c1cdab20725515ddd34620e636297d33618f", size = 2297905, upload-time = "2024-02-20T21:01:49.811Z" },
    { url = "https://files.pythonhosted.org/packages/4f/01/d263a47ae1d393b1ba71a1df081dd489abe80542531fdbe3c000c7eef78f/python_sat-0.1.8.dev17-cp311-cp311-manylinux_2_17_x86_64.manylinux2014_x86_64.manylinux_2_24_x86_64.whl", hash = "sha256:7a608653153e9bb068748f7885e911fc60fc82f5eeab19d00a25cb0fceba9af7", size = 2275022, upload-time = "2024-02-20T21:01:59.931Z" },
    { url = "https://files.pythonhosted.org/packages/d5/27/8884e57d16d34b5cc9cdb99c1a91ba7842d92729f7400331ba3a4eb2c22c/python_sat-0.1.8.dev17-cp311-cp311-manylinux_2_17_x86_64.manylinux2014_x86_64.manylinux_2_28_x86_64.whl", hash = "sha256:8b92b5707a71fa83994f041b7a4e0ed06a5664886dc720152716a2849fe6c5ed", size = 2275022, upload-time = "2024-02-20T21:02:09.267Z" },
    { url = "https://files.pythonhosted.org/packages/a2/a3/ab710a4a92fa01cf322e62ebabf36be2aac8eea49b5e0502a0a4f25e4362/python_sat-0.1.8.dev17-cp311-cp311-manylinux_2_17_x86_64.manylinux2014_x86_64.whl", hash = "sha256:b88ce774288c881bc3541a4860998f864b7a1bd6fb027242607b02ce61b84a02", size = 2275015, upload-time = "2024-02-20T21:02:21.466Z" },
    { url = "https://files.pythonhosted.org/packages/47/56/1d29902e2ddafbc5be4cc12d82b1349b6a3b1479268b12c1915b6edb6e5c/python_sat-0.1.8.dev17-cp311-cp311-win_amd64.whl", hash = "sha256:24d38ee5b30d816224a9622b4698f5f7bd2fad832891a8400e41e839999b9b26", size = 1039897, upload-time = "2024-02-20T10:45:06.272Z" },
    { url = "https://files.pythonhosted.org/packages/6b/83/e1f8b3f7bebee22546acd6c953bc8cb84da32203fe33fea428912f6f5cd9/python_sat-0.1.8.dev17-cp312-cp312-macosx_14_0_arm64.whl", hash = "sha256:073a75b54115894651a643e842276da7fbd899d23484504b81f65f5a04fd949a", size = 1260997, upload-time = "2024-02-20T10:45:10.359Z" },
    { url = "https://files.pythonhosted.org/packages/6b/29/a05a1a34ca76a2e2a1c3da0a0e358fa9d3669bd5cd74dbd220c336db80f8/python_sat-0.1.8.dev17-cp312-cp312-macosx_14_0_x86_64.whl", hash = "sha256:0038881ea6881802f55851a1518f5206e4f8680ff3125b0a15bf433f5880ee84", size = 1388073, upload-time = "2024-02-20T10:59:16.073Z" },
    { url = "https://files.pythonhosted.org/packages/06/61/59e8c750c9e2995750070412bc3d01780e7ab08b4a9c4cbeab9fa021f263/python_sat-0.1.8.dev17-cp312-cp312-manylinux_2_17_i686.manylinux2014_i686.whl", hash = "sha256:55fede8440027fb6e5ac998beaae5c610e49877b2176fd6df3a9e818371e43cd", size = 2295047, upload-time = "2024-02-20T21:02:30.978Z" },
    { url = "https://files.pythonhosted.org/packages/30/34/1e53ff4e123a6715c4dc7c5fcff7969a888239ddd3e06f180a6abae87dff/python_sat-0.1.8.dev17-cp312-cp312-manylinux_2_17_x86_64.manylinux2014_x86_64.manylinux_2_28_x86_64.whl", hash = "sha256:1ada1c5959db963d9364a122d4ef588231865569851fb75928757c21f7b05473", size = 2275019, upload-time = "2024-02-20T21:02:42.891Z" },
    { url = "https://files.pythonhosted.org/packages/8f/9f/e3cc81433d2f70417035cb6927a6e5796ee21cc90e9d1a954f5704890102/python_sat-0.1.8.dev17-cp312-cp312-manylinux_2_17_x86_64.manylinux2014_x86_64.whl", hash = "sha256:47655394e8f87392afbed7ab397542bddd012387349a6e3f8c8e27e3440c6d44", size = 2275013, upload-time = "2024-02-20T21:02:50.321Z" },
    { url = "https://files.pythonhosted.org/packages/72/82/bbe5046a467b791469e190481201251394e5473aa47dd17276a9b3616862/python_sat-0.1.8.dev17-cp312-cp312-manylinux_2_24_aarch64.manylinux_2_28_aarch64.whl", hash = "sha256:e389ab82e6c8cd0579293b49b7a6918667d6fcef4ab313acc21e022f30eb5905", size = 2161613, upload-time = "2024-02-20T21:03:00.256Z" },
    { url = "https://files.pythonhosted.org/packages/9f/79/21b8405c6e3fa5e8fcfc78dceda8ff024d6da51bcf81893b1639c145ea0e/python_sat-0.1.8.dev17-cp312-cp312-win_amd64.whl", hash = "sha256:028804c2e7f63246f90a052cb69bbe244209906367547a917ab61a83f28075e9", size = 1040278, upload-time = "2024-02-20T10:45:20.522Z" },
]

[[package]]
name = "setuptools"
version = "82.0.1"
source = { registry = "https://pypi.org/simple" }
sdist = { url = "https://files.pythonhosted.org/packages/4f/db/cfac1baf10650ab4d1c111714410d2fbb77ac5a616db26775db562c8fab2/setuptools-82.0.1.tar.gz", hash = "sha256:7d872682c5d01cfde07da7bccc7b65469d3dca203318515ada1de5eda35efbf9", size = 1152316, upload-time = "2026-03-09T12:47:17.221Z" }
wheels = [
    { url = "https://files.pythonhosted.org/packages/9d/76/f789f7a86709c6b087c5a2f52f911838cad707cc613162401badc665acfe/setuptools-82.0.1-py3-none-any.whl", hash = "sha256:a59e362652f08dcd477c78bb6e7bd9d80a7995bc73ce773050228a348ce2e5bb", size = 1006223, upload-time = "2026-03-09T12:47:15.026Z" },
]

[[package]]
name = "six"
version = "1.17.0"
source = { registry = "https://pypi.org/simple" }
sdist = { url = "https://files.pythonhosted.org/packages/94/e7/b2c673351809dca68a0e064b6af791aa332cf192da575fd474ed7d6f16a2/six-1.17.0.tar.gz", hash = "sha256:ff70335d468e7eb6ec65b95b99d3a2836546063f63acc5171de367e834932a81", size = 34031, upload-time = "2024-12-04T17:35:28.174Z" }
wheels = [
    { url = "https://files.pythonhosted.org/packages/b7/ce/149a00dd41f10bc29e5921b496af8b574d8413afcd5e30dfa0ed46c2cc5e/six-1.17.0-py2.py3-none-any.whl", hash = "sha256:4721f391ed90541fddacab5acf947aa0d3dc7d27b2e1e8eda2be8970586c3274", size = 11050, upload-time = "2024-12-04T17:35:26.475Z" },
]

[[package]]
name = "toml"
version = "0.10.2"
source = { registry = "https://pypi.org/simple" }
sdist = { url = "https://files.pythonhosted.org/packages/be/ba/1f744cdc819428fc6b5084ec34d9b30660f6f9daaf70eead706e3203ec3c/toml-0.10.2.tar.gz", hash = "sha256:b3bda1d108d5dd99f4a20d24d9c348e91c4db7ab1b749200bded2f839ccbe68f", size = 22253, upload-time = "2020-11-01T01:40:22.204Z" }
wheels = [
    { url = "https://files.pythonhosted.org/packages/44/6f/7120676b6d73228c96e17f1f794d8ab046fc910d781c8d151120c3f1569e/toml-0.10.2-py2.py3-none-any.whl", hash = "sha256:806143ae5bfb6a3c6e736a764057db0e6a0e05e338b5630894a5f779cabb4f9b", size = 16588, upload-time = "2020-11-01T01:40:20.672Z" },
]

[[package]]
name = "uvlparser"
version = "2.0.1"
source = { registry = "https://pypi.org/simple" }
dependencies = [
    { name = "antlr4-python3-runtime" },
]
sdist = { url = "https://files.pythonhosted.org/packages/42/1d/b2b44500ac17098e74dbe202af6e4d9b0f08c1abe1659406ae40ecbb5087/uvlparser-2.0.1.tar.gz", hash = "sha256:73fb283ff10fae599cbc2d8a8e192ec789cc91a0d1c384757459e327ca682109", size = 28831, upload-time = "2023-10-17T16:54:50.534Z" }
wheels = [
    { url = "https://files.pythonhosted.org/packages/9e/12/78edbc93542f2381ace831d87e178d6303a5ca757feec32e4f79a2c98a67/uvlparser-2.0.1-py3-none-any.whl", hash = "sha256:6d26f67279c5b2610ee2fe2079ece42d8f4ed1448dc993704c0a04f8a282aec2", size = 27487, upload-time = "2023-10-17T16:54:48.479Z" },
]

[[package]]
name = "wheel"
version = "0.47.0"
source = { registry = "https://pypi.org/simple" }
dependencies = [
    { name = "packaging" },
]
sdist = { url = "https://files.pythonhosted.org/packages/39/62/75f18a0f03b4219c456652c7780e4d749b929eb605c098ce3a5b6b6bc081/wheel-0.47.0.tar.gz", hash = "sha256:cc72bd1009ba0cf63922e28f94d9d83b920aa2bb28f798a31d0691b02fa3c9b3", size = 63854, upload-time = "2026-04-22T15:51:27.727Z" }
wheels = [
    { url = "https://files.pythonhosted.org/packages/87/1b/9e33c09813d65e248f7f773119148a612516a4bea93e9c6f545f78455b7c/wheel-0.47.0-py3-none-any.whl", hash = "sha256:212281cab4dff978f6cedd499cd893e1f620791ca6ff7107cf270781e587eced", size = 32218, upload-time = "2026-04-22T15:51:26.296Z" },
]
